
Microsoft Visual Studio Solution File, Format Version 12.00
# Visual Studio Version 17
VisualStudioVersion = 17.7.34202.233
MinimumVisualStudioVersion = 10.0.40219.1
Project("{9A19103F-16F7-4668-BE54-9A1E7A4F7556}") = "OppClassMembers", "OppClassMembers.csproj", "{B634FEF0-24EF-4D83-9D4B-710682B2D807}"
EndProject
Global
	GlobalSection(SolutionConfigurationPlatforms) = preSolution
		Debug|Any CPU = Debug|Any CPU
		Release|Any CPU = Release|Any CPU
	EndGlobalSection
	GlobalSection(ProjectConfigurationPlatforms) = postSolution
		{B634FEF0-24EF-4D83-9D4B-710682B2D807}.Debug|Any CPU.ActiveCfg = Debug|Any CPU
		{B634FEF0-24EF-4D83-9D4B-710682B2D807}.Debug|Any CPU.Build.0 = Debug|Any CPU
		{B634FEF0-24EF-4D83-9D4B-710682B2D807}.Release|Any CPU.ActiveCfg = Release|Any CPU
		{B634FEF0-24EF-4D83-9D4B-710682B2D807}.Release|Any CPU.Build.0 = Release|Any CPU
	EndGlobalSection
	GlobalSection(SolutionProperties) = preSolution
		HideSolutionNode = FALSE
	EndGlobalSection
	GlobalSection(ExtensibilityGlobals) = postSolution
		SolutionGuid = {A81075FB-5D3B-4A86-87FC-FBDE3EB39E48}
	EndGlobalSection
EndGlobal
